
Microsoft Visual Studio Solution File, Format Version 12.00
# Visual Studio Version 17
VisualStudioVersion = 17.3.32721.290
MinimumVisualStudioVersion = 10.0.40219.1
Project("{8BC9CEB8-8B4A-11D0-8D11-00A0C91BC942}") = "IslandsNET6.Components", "IslandsNET6.Components\IslandsNET6.Components.vcxproj", "{4E2C37D3-3A55-4F68-B19D-658F5AB3C8FF}"
EndProject
Project("{9A19103F-16F7-4668-BE54-9A1E7A4F7556}") = "IslandsNET6.Host", "IslandsNET6.Host\IslandsNET6.Host.csproj", "{8A45ED54-F4A4-415A-84CC-76036863BCF1}"
EndProject
Project("{2150E333-8FDC-42A3-9474-1A3956D46DE8}") = "Toolkit", "Toolkit", "{96491099-BF34-4BB4-897B-8679AD243E63}"
EndProject
Project("{9A19103F-16F7-4668-BE54-9A1E7A4F7556}") = "Microsoft.Toolkit.Win32.UI.XamlHost.Managed", "Toolkit\Microsoft.Toolkit.Win32.UI.XamlHost.Managed\Microsoft.Toolkit.Win32.UI.XamlHost.Managed.csproj", "{BC81EF5A-7DC3-4C94-939E-0F11DC7C387A}"
EndProject
Project("{9A19103F-16F7-4668-BE54-9A1E7A4F7556}") = "Microsoft.Toolkit.Wpf.UI.XamlHost", "Toolkit\Microsoft.Toolkit.Wpf.UI.XamlHost\Microsoft.Toolkit.Wpf.UI.XamlHost.csproj", "{D1C3598A-759F-4864-9910-A0A0F78F4295}"
EndProject
Project("{C7167F0D-BC9F-4E6E-AFE1-012C56B48DB5}") = "IslandsNET6.Package", "IslandsNET6.Package\IslandsNET6.Package.wapproj", "{B98D4D13-C9EC-44AA-82D8-1BE88222BAFE}"
EndProject
Global
	GlobalSection(SolutionConfigurationPlatforms) = preSolution
		Debug|Any CPU = Debug|Any CPU
		Debug|ARM = Debug|ARM
		Debug|ARM64 = Debug|ARM64
		Debug|x64 = Debug|x64
		Debug|x86 = Debug|x86
		Release|Any CPU = Release|Any CPU
		Release|ARM = Release|ARM
		Release|ARM64 = Release|ARM64
		Release|x64 = Release|x64
		Release|x86 = Release|x86
	EndGlobalSection
	GlobalSection(ProjectConfigurationPlatforms) = postSolution
		{4E2C37D3-3A55-4F68-B19D-658F5AB3C8FF}.Debug|Any CPU.ActiveCfg = Debug|x64
		{4E2C37D3-3A55-4F68-B19D-658F5AB3C8FF}.Debug|Any CPU.Build.0 = Debug|x64
		{4E2C37D3-3A55-4F68-B19D-658F5AB3C8FF}.Debug|ARM.ActiveCfg = Debug|ARM
		{4E2C37D3-3A55-4F68-B19D-658F5AB3C8FF}.Debug|ARM.Build.0 = Debug|ARM
		{4E2C37D3-3A55-4F68-B19D-658F5AB3C8FF}.Debug|ARM64.ActiveCfg = Debug|ARM64
		{4E2C37D3-3A55-4F68-B19D-658F5AB3C8FF}.Debug|ARM64.Build.0 = Debug|ARM64
		{4E2C37D3-3A55-4F68-B19D-658F5AB3C8FF}.Debug|x64.ActiveCfg = Debug|x64
		{4E2C37D3-3A55-4F68-B19D-658F5AB3C8FF}.Debug|x64.Build.0 = Debug|x64
		{4E2C37D3-3A55-4F68-B19D-658F5AB3C8FF}.Debug|x86.ActiveCfg = Debug|Win32
		{4E2C37D3-3A55-4F68-B19D-658F5AB3C8FF}.Debug|x86.Build.0 = Debug|Win32
		{4E2C37D3-3A55-4F68-B19D-658F5AB3C8FF}.Release|Any CPU.ActiveCfg = Release|x64
		{4E2C37D3-3A55-4F68-B19D-658F5AB3C8FF}.Release|Any CPU.Build.0 = Release|x64
		{4E2C37D3-3A55-4F68-B19D-658F5AB3C8FF}.Release|ARM.ActiveCfg = Release|ARM
		{4E2C37D3-3A55-4F68-B19D-658F5AB3C8FF}.Release|ARM.Build.0 = Release|ARM
		{4E2C37D3-3A55-4F68-B19D-658F5AB3C8FF}.Release|ARM64.ActiveCfg = Release|ARM64
		{4E2C37D3-3A55-4F68-B19D-658F5AB3C8FF}.Release|ARM64.Build.0 = Release|ARM64
		{4E2C37D3-3A55-4F68-B19D-658F5AB3C8FF}.Release|x64.ActiveCfg = Release|x64
		{4E2C37D3-3A55-4F68-B19D-658F5AB3C8FF}.Release|x64.Build.0 = Release|x64
		{4E2C37D3-3A55-4F68-B19D-658F5AB3C8FF}.Release|x86.ActiveCfg = Release|Win32
		{4E2C37D3-3A55-4F68-B19D-658F5AB3C8FF}.Release|x86.Build.0 = Release|Win32
		{8A45ED54-F4A4-415A-84CC-76036863BCF1}.Debug|Any CPU.ActiveCfg = Debug|Any CPU
		{8A45ED54-F4A4-415A-84CC-76036863BCF1}.Debug|Any CPU.Build.0 = Debug|Any CPU
		{8A45ED54-F4A4-415A-84CC-76036863BCF1}.Debug|ARM.ActiveCfg = Debug|Any CPU
		{8A45ED54-F4A4-415A-84CC-76036863BCF1}.Debug|ARM.Build.0 = Debug|Any CPU
		{8A45ED54-F4A4-415A-84CC-76036863BCF1}.Debug|ARM64.ActiveCfg = Debug|Any CPU
		{8A45ED54-F4A4-415A-84CC-76036863BCF1}.Debug|ARM64.Build.0 = Debug|Any CPU
		{8A45ED54-F4A4-415A-84CC-76036863BCF1}.Debug|x64.ActiveCfg = Debug|x64
		{8A45ED54-F4A4-415A-84CC-76036863BCF1}.Debug|x64.Build.0 = Debug|x64
		{8A45ED54-F4A4-415A-84CC-76036863BCF1}.Debug|x86.ActiveCfg = Debug|Any CPU
		{8A45ED54-F4A4-415A-84CC-76036863BCF1}.Debug|x86.Build.0 = Debug|Any CPU
		{8A45ED54-F4A4-415A-84CC-76036863BCF1}.Release|Any CPU.ActiveCfg = Release|Any CPU
		{8A45ED54-F4A4-415A-84CC-76036863BCF1}.Release|Any CPU.Build.0 = Release|Any CPU
		{8A45ED54-F4A4-415A-84CC-76036863BCF1}.Release|ARM.ActiveCfg = Release|Any CPU
		{8A45ED54-F4A4-415A-84CC-76036863BCF1}.Release|ARM.Build.0 = Release|Any CPU
		{8A45ED54-F4A4-415A-84CC-76036863BCF1}.Release|ARM64.ActiveCfg = Release|Any CPU
		{8A45ED54-F4A4-415A-84CC-76036863BCF1}.Release|ARM64.Build.0 = Release|Any CPU
		{8A45ED54-F4A4-415A-84CC-76036863BCF1}.Release|x64.ActiveCfg = Release|x64
		{8A45ED54-F4A4-415A-84CC-76036863BCF1}.Release|x64.Build.0 = Release|x64
		{8A45ED54-F4A4-415A-84CC-76036863BCF1}.Release|x86.ActiveCfg = Release|Any CPU
		{8A45ED54-F4A4-415A-84CC-76036863BCF1}.Release|x86.Build.0 = Release|Any CPU
		{BC81EF5A-7DC3-4C94-939E-0F11DC7C387A}.Debug|Any CPU.ActiveCfg = Debug|x64
		{BC81EF5A-7DC3-4C94-939E-0F11DC7C387A}.Debug|Any CPU.Build.0 = Debug|x64
		{BC81EF5A-7DC3-4C94-939E-0F11DC7C387A}.Debug|ARM.ActiveCfg = Debug|x64
		{BC81EF5A-7DC3-4C94-939E-0F11DC7C387A}.Debug|ARM.Build.0 = Debug|x64
		{BC81EF5A-7DC3-4C94-939E-0F11DC7C387A}.Debug|ARM64.ActiveCfg = Debug|x64
		{BC81EF5A-7DC3-4C94-939E-0F11DC7C387A}.Debug|ARM64.Build.0 = Debug|x64
		{BC81EF5A-7DC3-4C94-939E-0F11DC7C387A}.Debug|x64.ActiveCfg = Debug|x64
		{BC81EF5A-7DC3-4C94-939E-0F11DC7C387A}.Debug|x64.Build.0 = Debug|x64
		{BC81EF5A-7DC3-4C94-939E-0F11DC7C387A}.Debug|x86.ActiveCfg = Debug|x64
		{BC81EF5A-7DC3-4C94-939E-0F11DC7C387A}.Debug|x86.Build.0 = Debug|x64
		{BC81EF5A-7DC3-4C94-939E-0F11DC7C387A}.Release|Any CPU.ActiveCfg = Release|x64
		{BC81EF5A-7DC3-4C94-939E-0F11DC7C387A}.Release|Any CPU.Build.0 = Release|x64
		{BC81EF5A-7DC3-4C94-939E-0F11DC7C387A}.Release|ARM.ActiveCfg = Release|x64
		{BC81EF5A-7DC3-4C94-939E-0F11DC7C387A}.Release|ARM.Build.0 = Release|x64
		{BC81EF5A-7DC3-4C94-939E-0F11DC7C387A}.Release|ARM64.ActiveCfg = Release|x64
		{BC81EF5A-7DC3-4C94-939E-0F11DC7C387A}.Release|ARM64.Build.0 = Release|x64
		{BC81EF5A-7DC3-4C94-939E-0F11DC7C387A}.Release|x64.ActiveCfg = Release|x64
		{BC81EF5A-7DC3-4C94-939E-0F11DC7C387A}.Release|x64.Build.0 = Release|x64
		{BC81EF5A-7DC3-4C94-939E-0F11DC7C387A}.Release|x86.ActiveCfg = Release|x64
		{BC81EF5A-7DC3-4C94-939E-0F11DC7C387A}.Release|x86.Build.0 = Release|x64
		{D1C3598A-759F-4864-9910-A0A0F78F4295}.Debug|Any CPU.ActiveCfg = Debug|x64
		{D1C3598A-759F-4864-9910-A0A0F78F4295}.Debug|Any CPU.Build.0 = Debug|x64
		{D1C3598A-759F-4864-9910-A0A0F78F4295}.Debug|ARM.ActiveCfg = Debug|x64
		{D1C3598A-759F-4864-9910-A0A0F78F4295}.Debug|ARM.Build.0 = Debug|x64
		{D1C3598A-759F-4864-9910-A0A0F78F4295}.Debug|ARM64.ActiveCfg = Debug|x64
		{D1C3598A-759F-4864-9910-A0A0F78F4295}.Debug|ARM64.Build.0 = Debug|x64
		{D1C3598A-759F-4864-9910-A0A0F78F4295}.Debug|x64.ActiveCfg = Debug|x64
		{D1C3598A-759F-4864-9910-A0A0F78F4295}.Debug|x64.Build.0 = Debug|x64
		{D1C3598A-759F-4864-9910-A0A0F78F4295}.Debug|x86.ActiveCfg = Debug|x64
		{D1C3598A-759F-4864-9910-A0A0F78F4295}.Debug|x86.Build.0 = Debug|x64
		{D1C3598A-759F-4864-9910-A0A0F78F4295}.Release|Any CPU.ActiveCfg = Release|x64
		{D1C3598A-759F-4864-9910-A0A0F78F4295}.Release|Any CPU.Build.0 = Release|x64
		{D1C3598A-759F-4864-9910-A0A0F78F4295}.Release|ARM.ActiveCfg = Release|x64
		{D1C3598A-759F-4864-9910-A0A0F78F4295}.Release|ARM.Build.0 = Release|x64
		{D1C3598A-759F-4864-9910-A0A0F78F4295}.Release|ARM64.ActiveCfg = Release|x64
		{D1C3598A-759F-4864-9910-A0A0F78F4295}.Release|ARM64.Build.0 = Release|x64
		{D1C3598A-759F-4864-9910-A0A0F78F4295}.Release|x64.ActiveCfg = Release|x64
		{D1C3598A-759F-4864-9910-A0A0F78F4295}.Release|x64.Build.0 = Release|x64
		{D1C3598A-759F-4864-9910-A0A0F78F4295}.Release|x86.ActiveCfg = Release|x64
		{D1C3598A-759F-4864-9910-A0A0F78F4295}.Release|x86.Build.0 = Release|x64
		{B98D4D13-C9EC-44AA-82D8-1BE88222BAFE}.Debug|Any CPU.ActiveCfg = Debug|Any CPU
		{B98D4D13-C9EC-44AA-82D8-1BE88222BAFE}.Debug|Any CPU.Build.0 = Debug|Any CPU
		{B98D4D13-C9EC-44AA-82D8-1BE88222BAFE}.Debug|Any CPU.Deploy.0 = Debug|Any CPU
		{B98D4D13-C9EC-44AA-82D8-1BE88222BAFE}.Debug|ARM.ActiveCfg = Debug|ARM
		{B98D4D13-C9EC-44AA-82D8-1BE88222BAFE}.Debug|ARM.Build.0 = Debug|ARM
		{B98D4D13-C9EC-44AA-82D8-1BE88222BAFE}.Debug|ARM.Deploy.0 = Debug|ARM
		{B98D4D13-C9EC-44AA-82D8-1BE88222BAFE}.Debug|ARM64.ActiveCfg = Debug|ARM64
		{B98D4D13-C9EC-44AA-82D8-1BE88222BAFE}.Debug|ARM64.Build.0 = Debug|ARM64
		{B98D4D13-C9EC-44AA-82D8-1BE88222BAFE}.Debug|ARM64.Deploy.0 = Debug|ARM64
		{B98D4D13-C9EC-44AA-82D8-1BE88222BAFE}.Debug|x64.ActiveCfg = Debug|x64
		{B98D4D13-C9EC-44AA-82D8-1BE88222BAFE}.Debug|x64.Build.0 = Debug|x64
		{B98D4D13-C9EC-44AA-82D8-1BE88222BAFE}.Debug|x64.Deploy.0 = Debug|x64
		{B98D4D13-C9EC-44AA-82D8-1BE88222BAFE}.Debug|x86.ActiveCfg = Debug|x86
		{B98D4D13-C9EC-44AA-82D8-1BE88222BAFE}.Debug|x86.Build.0 = Debug|x86
		{B98D4D13-C9EC-44AA-82D8-1BE88222BAFE}.Debug|x86.Deploy.0 = Debug|x86
		{B98D4D13-C9EC-44AA-82D8-1BE88222BAFE}.Release|Any CPU.ActiveCfg = Release|Any CPU
		{B98D4D13-C9EC-44AA-82D8-1BE88222BAFE}.Release|Any CPU.Build.0 = Release|Any CPU
		{B98D4D13-C9EC-44AA-82D8-1BE88222BAFE}.Release|Any CPU.Deploy.0 = Release|Any CPU
		{B98D4D13-C9EC-44AA-82D8-1BE88222BAFE}.Release|ARM.ActiveCfg = Release|ARM
		{B98D4D13-C9EC-44AA-82D8-1BE88222BAFE}.Release|ARM.Build.0 = Release|ARM
		{B98D4D13-C9EC-44AA-82D8-1BE88222BAFE}.Release|ARM.Deploy.0 = Release|ARM
		{B98D4D13-C9EC-44AA-82D8-1BE88222BAFE}.Release|ARM64.ActiveCfg = Release|ARM64
		{B98D4D13-C9EC-44AA-82D8-1BE88222BAFE}.Release|ARM64.Build.0 = Release|ARM64
		{B98D4D13-C9EC-44AA-82D8-1BE88222BAFE}.Release|ARM64.Deploy.0 = Release|ARM64
		{B98D4D13-C9EC-44AA-82D8-1BE88222BAFE}.Release|x64.ActiveCfg = Release|x64
		{B98D4D13-C9EC-44AA-82D8-1BE88222BAFE}.Release|x64.Build.0 = Release|x64
		{B98D4D13-C9EC-44AA-82D8-1BE88222BAFE}.Release|x64.Deploy.0 = Release|x64
		{B98D4D13-C9EC-44AA-82D8-1BE88222BAFE}.Release|x86.ActiveCfg = Release|x86
		{B98D4D13-C9EC-44AA-82D8-1BE88222BAFE}.Release|x86.Build.0 = Release|x86
		{B98D4D13-C9EC-44AA-82D8-1BE88222BAFE}.Release|x86.Deploy.0 = Release|x86
	EndGlobalSection
	GlobalSection(SolutionProperties) = preSolution
		HideSolutionNode = FALSE
	EndGlobalSection
	GlobalSection(NestedProjects) = preSolution
		{BC81EF5A-7DC3-4C94-939E-0F11DC7C387A} = {96491099-BF34-4BB4-897B-8679AD243E63}
		{D1C3598A-759F-4864-9910-A0A0F78F4295} = {96491099-BF34-4BB4-897B-8679AD243E63}
	EndGlobalSection
	GlobalSection(ExtensibilityGlobals) = postSolution
		SolutionGuid = {6298A4F1-EB89-42AA-A188-EEFC4FF8771B}
	EndGlobalSection
EndGlobal
